
Microsoft Visual Studio Solution File, Format Version 12.00
# Visual Studio Version 16
VisualStudioVersion = 16.0.29728.190
MinimumVisualStudioVersion = 10.0.40219.1
Project("{FAE04EC0-301F-11D3-BF4B-00C04F79EFBC}") = "PresentationLayer", "..\Obligatorisk opgave 1\PresentationLayer\PresentationLayer.csproj", "{12FD6839-098C-4CB4-B124-510881F8A32D}"
EndProject
Project("{9A19103F-16F7-4668-BE54-9A1E7A4F7556}") = "Logic_Layer", "..\Obligatorisk opgave 1\Logic_Layer\Logic_Layer.csproj", "{A4911EE2-04C2-4315-B506-8DF27207F5AF}"
EndProject
Project("{9A19103F-16F7-4668-BE54-9A1E7A4F7556}") = "Data_Layer", "..\Obligatorisk opgave 1\Data_Layer\Data_Layer.csproj", "{82F6D216-344A-432E-9374-7BD9B62AC711}"
EndProject
Project("{9A19103F-16F7-4668-BE54-9A1E7A4F7556}") = "DTO", "..\Obligatorisk opgave 1\DTO\DTO.csproj", "{9487DE59-F639-4105-BB69-E3705B64099E}"
EndProject
Global
	GlobalSection(SolutionConfigurationPlatforms) = preSolution
		Debug|Any CPU = Debug|Any CPU
		Release|Any CPU = Release|Any CPU
	EndGlobalSection
	GlobalSection(ProjectConfigurationPlatforms) = postSolution
		{12FD6839-098C-4CB4-B124-510881F8A32D}.Debug|Any CPU.ActiveCfg = Debug|Any CPU
		{12FD6839-098C-4CB4-B124-510881F8A32D}.Debug|Any CPU.Build.0 = Debug|Any CPU
		{12FD6839-098C-4CB4-B124-510881F8A32D}.Release|Any CPU.ActiveCfg = Release|Any CPU
		{12FD6839-098C-4CB4-B124-510881F8A32D}.Release|Any CPU.Build.0 = Release|Any CPU
		{A4911EE2-04C2-4315-B506-8DF27207F5AF}.Debug|Any CPU.ActiveCfg = Debug|Any CPU
		{A4911EE2-04C2-4315-B506-8DF27207F5AF}.Debug|Any CPU.Build.0 = Debug|Any CPU
		{A4911EE2-04C2-4315-B506-8DF27207F5AF}.Release|Any CPU.ActiveCfg = Release|Any CPU
		{A4911EE2-04C2-4315-B506-8DF27207F5AF}.Release|Any CPU.Build.0 = Release|Any CPU
		{82F6D216-344A-432E-9374-7BD9B62AC711}.Debug|Any CPU.ActiveCfg = Debug|Any CPU
		{82F6D216-344A-432E-9374-7BD9B62AC711}.Debug|Any CPU.Build.0 = Debug|Any CPU
		{82F6D216-344A-432E-9374-7BD9B62AC711}.Release|Any CPU.ActiveCfg = Release|Any CPU
		{82F6D216-344A-432E-9374-7BD9B62AC711}.Release|Any CPU.Build.0 = Release|Any CPU
		{9487DE59-F639-4105-BB69-E3705B64099E}.Debug|Any CPU.ActiveCfg = Debug|Any CPU
		{9487DE59-F639-4105-BB69-E3705B64099E}.Debug|Any CPU.Build.0 = Debug|Any CPU
		{9487DE59-F639-4105-BB69-E3705B64099E}.Release|Any CPU.ActiveCfg = Release|Any CPU
		{9487DE59-F639-4105-BB69-E3705B64099E}.Release|Any CPU.Build.0 = Release|Any CPU
	EndGlobalSection
	GlobalSection(SolutionProperties) = preSolution
		HideSolutionNode = FALSE
	EndGlobalSection
	GlobalSection(ExtensibilityGlobals) = postSolution
		SolutionGuid = {AA614F23-CECB-4C84-92E5-A5B7B7E19F3A}
	EndGlobalSection
EndGlobal
